// !$*UTF8*$!
{
	archiveVersion = 1;
	classes = {
	};
	objectVersion = 56;
	objects = {

/* Begin PBXBuildFile section */
		0D3DF551EEE2BB5E23D63D2D /* APIClient.swift in Sources */ = {isa = PBXBuildFile; fileRef = 7EF020845A921D10B1028D43 /* APIClient.swift */; };
		26CD6D64CA6C3D29BBB43850 /* APITypes.swift in Sources */ = {isa = PBXBuildFile; fileRef = 793E75A4848FD7DCCACFE2ED /* APITypes.swift */; };
		293EDD622AFADC3AD68DEDDC /* MockData.swift in Sources */ = {isa = PBXBuildFile; fileRef = AC66AD97AC37526EB55FB4BF /* MockData.swift */; };
		AA0000010000000000000001 /* BabyCareUIApp.swift in Sources */ = {isa = PBXBuildFile; fileRef = AA1000010000000000000001 /* BabyCareUIApp.swift */; };
		AA0000010000000000000002 /* ContentView.swift in Sources */ = {isa = PBXBuildFile; fileRef = AA1000010000000000000002 /* ContentView.swift */; };
		AA0000010000000000000003 /* Theme.swift in Sources */ = {isa = PBXBuildFile; fileRef = AA1000010000000000000003 /* Theme.swift */; };
		AA0000010000000000000004 /* HomeLiveStatusView.swift in Sources */ = {isa = PBXBuildFile; fileRef = AA1000010000000000000004 /* HomeLiveStatusView.swift */; };
		AA0000010000000000000005 /* ActivityHistoryView.swift in Sources */ = {isa = PBXBuildFile; fileRef = AA1000010000000000000005 /* ActivityHistoryView.swift */; };
		AA0000010000000000000006 /* AIInsightsView.swift in Sources */ = {isa = PBXBuildFile; fileRef = AA1000010000000000000006 /* AIInsightsView.swift */; };
		AA0000010000000000000007 /* Assets.xcassets in Resources */ = {isa = PBXBuildFile; fileRef = AA2000010000000000000001 /* Assets.xcassets */; };
		AA0000010000000000000008 /* CryMonitorView.swift in Sources */ = {isa = PBXBuildFile; fileRef = AA1000010000000000000007 /* CryMonitorView.swift */; };
		AA0000010000000000000009 /* GeminiLiveClient.swift in Sources */ = {isa = PBXBuildFile; fileRef = AA1000010000000000000008 /* GeminiLiveClient.swift */; };
		AA0000010000000000000010 /* AudioPCMConverter.swift in Sources */ = {isa = PBXBuildFile; fileRef = AA1000010000000000000009 /* AudioPCMConverter.swift */; };
		AC349073C533A7EB9BDCB2D9 /* DateHelpers.swift in Sources */ = {isa = PBXBuildFile; fileRef = B4FF7B829F38933593499FAE /* DateHelpers.swift */; };
		F70CFDF712DE0DB9A1F0A898 /* AppConfig.swift in Sources */ = {isa = PBXBuildFile; fileRef = 86D1082FD4648A31076B6B32 /* AppConfig.swift */; };
/* End PBXBuildFile section */

/* Begin PBXFileReference section */
		793E75A4848FD7DCCACFE2ED /* APITypes.swift */ = {isa = PBXFileReference; includeInIndex = 1; lastKnownFileType = sourcecode.swift; path = APITypes.swift; sourceTree = "<group>"; };
		7EF020845A921D10B1028D43 /* APIClient.swift */ = {isa = PBXFileReference; includeInIndex = 1; lastKnownFileType = sourcecode.swift; path = APIClient.swift; sourceTree = "<group>"; };
		86D1082FD4648A31076B6B32 /* AppConfig.swift */ = {isa = PBXFileReference; includeInIndex = 1; lastKnownFileType = sourcecode.swift; path = AppConfig.swift; sourceTree = "<group>"; };
		AA0000010000000000000100 /* BabyCareUI.app */ = {isa = PBXFileReference; explicitFileType = wrapper.application; includeInIndex = 0; path = BabyCareUI.app; sourceTree = BUILT_PRODUCTS_DIR; };
		AA1000010000000000000001 /* BabyCareUIApp.swift */ = {isa = PBXFileReference; lastKnownFileType = sourcecode.swift; path = BabyCareUIApp.swift; sourceTree = "<group>"; };
		AA1000010000000000000002 /* ContentView.swift */ = {isa = PBXFileReference; lastKnownFileType = sourcecode.swift; path = ContentView.swift; sourceTree = "<group>"; };
		AA1000010000000000000003 /* Theme.swift */ = {isa = PBXFileReference; lastKnownFileType = sourcecode.swift; path = Theme.swift; sourceTree = "<group>"; };
		AA1000010000000000000004 /* HomeLiveStatusView.swift */ = {isa = PBXFileReference; lastKnownFileType = sourcecode.swift; path = HomeLiveStatusView.swift; sourceTree = "<group>"; };
		AA1000010000000000000005 /* ActivityHistoryView.swift */ = {isa = PBXFileReference; lastKnownFileType = sourcecode.swift; path = ActivityHistoryView.swift; sourceTree = "<group>"; };
		AA1000010000000000000006 /* AIInsightsView.swift */ = {isa = PBXFileReference; lastKnownFileType = sourcecode.swift; path = AIInsightsView.swift; sourceTree = "<group>"; };
		AA1000010000000000000007 /* CryMonitorView.swift */ = {isa = PBXFileReference; lastKnownFileType = sourcecode.swift; path = CryMonitorView.swift; sourceTree = "<group>"; };
		AA1000010000000000000008 /* GeminiLiveClient.swift */ = {isa = PBXFileReference; lastKnownFileType = sourcecode.swift; path = GeminiLiveClient.swift; sourceTree = "<group>"; };
		AA1000010000000000000009 /* AudioPCMConverter.swift */ = {isa = PBXFileReference; lastKnownFileType = sourcecode.swift; path = AudioPCMConverter.swift; sourceTree = "<group>"; };
		AA2000010000000000000001 /* Assets.xcassets */ = {isa = PBXFileReference; lastKnownFileType = folder.assetcatalog; path = Assets.xcassets; sourceTree = "<group>"; };
		AA3000010000000000000001 /* Info.plist */ = {isa = PBXFileReference; lastKnownFileType = text.plist.xml; path = Info.plist; sourceTree = "<group>"; };
		AC66AD97AC37526EB55FB4BF /* MockData.swift */ = {isa = PBXFileReference; includeInIndex = 1; lastKnownFileType = sourcecode.swift; path = MockData.swift; sourceTree = "<group>"; };
		B4FF7B829F38933593499FAE /* DateHelpers.swift */ = {isa = PBXFileReference; includeInIndex = 1; lastKnownFileType = sourcecode.swift; path = DateHelpers.swift; sourceTree = "<group>"; };
/* End PBXFileReference section */

/* Begin PBXFrameworksBuildPhase section */
		AA0000010000000000000200 /* Frameworks */ = {
			isa = PBXFrameworksBuildPhase;
			buildActionMask = 2147483647;
			files = (
			);
			runOnlyForDeploymentPostprocessing = 0;
		};
/* End PBXFrameworksBuildPhase section */

/* Begin PBXGroup section */
		AA0000010000000000000300 = {
			isa = PBXGroup;
			children = (
				AA0000010000000000000400 /* BabyCareUI */,
				AA0000010000000000000500 /* Products */,
			);
			sourceTree = "<group>";
		};
		AA0000010000000000000400 /* BabyCareUI */ = {
			isa = PBXGroup;
			children = (
				AA1000010000000000000001 /* BabyCareUIApp.swift */,
				AA1000010000000000000002 /* ContentView.swift */,
				AA1000010000000000000003 /* Theme.swift */,
				AA1000010000000000000008 /* GeminiLiveClient.swift */,
				AA1000010000000000000009 /* AudioPCMConverter.swift */,
				AA0000010000000000000600 /* Views */,
				AA0000010000000000000700 /* Resources */,
				AA3000010000000000000001 /* Info.plist */,
				7EF020845A921D10B1028D43 /* APIClient.swift */,
				793E75A4848FD7DCCACFE2ED /* APITypes.swift */,
				86D1082FD4648A31076B6B32 /* AppConfig.swift */,
				B4FF7B829F38933593499FAE /* DateHelpers.swift */,
				AC66AD97AC37526EB55FB4BF /* MockData.swift */,
			);
			path = BabyCareUI;
			sourceTree = "<group>";
		};
		AA0000010000000000000500 /* Products */ = {
			isa = PBXGroup;
			children = (
				AA0000010000000000000100 /* BabyCareUI.app */,
			);
			name = Products;
			sourceTree = "<group>";
		};
		AA0000010000000000000600 /* Views */ = {
			isa = PBXGroup;
			children = (
				AA1000010000000000000004 /* HomeLiveStatusView.swift */,
				AA1000010000000000000005 /* ActivityHistoryView.swift */,
				AA1000010000000000000006 /* AIInsightsView.swift */,
				AA1000010000000000000007 /* CryMonitorView.swift */,
			);
			path = Views;
			sourceTree = "<group>";
		};
		AA0000010000000000000700 /* Resources */ = {
			isa = PBXGroup;
			children = (
				AA2000010000000000000001 /* Assets.xcassets */,
			);
			path = Resources;
			sourceTree = "<group>";
		};
/* End PBXGroup section */

/* Begin PBXNativeTarget section */
		AA0000010000000000000800 /* BabyCareUI */ = {
			isa = PBXNativeTarget;
			buildConfigurationList = AA0000010000000000000900 /* Build configuration list for PBXNativeTarget "BabyCareUI" */;
			buildPhases = (
				AA0000010000000000001000 /* Sources */,
				AA0000010000000000000200 /* Frameworks */,
				AA0000010000000000001100 /* Resources */,
			);
			buildRules = (
			);
			dependencies = (
			);
			name = BabyCareUI;
			productName = BabyCareUI;
			productReference = AA0000010000000000000100 /* BabyCareUI.app */;
			productType = "com.apple.product-type.application";
		};
/* End PBXNativeTarget section */

/* Begin PBXProject section */
		AA0000010000000000001200 /* Project object */ = {
			isa = PBXProject;
			attributes = {
				BuildIndependentTargetsInParallel = 1;
				LastSwiftUpdateCheck = 1500;
				LastUpgradeCheck = 1500;
				TargetAttributes = {
					AA0000010000000000000800 = {
						CreatedOnToolsVersion = 15.0;
					};
				};
			};
			buildConfigurationList = AA0000010000000000001300 /* Build configuration list for PBXProject "BabyCareUI" */;
			compatibilityVersion = "Xcode 14.0";
			developmentRegion = en;
			hasScannedForEncodings = 0;
			knownRegions = (
				en,
				Base,
			);
			mainGroup = AA0000010000000000000300;
			productRefGroup = AA0000010000000000000500 /* Products */;
			projectDirPath = "";
			projectRoot = "";
			targets = (
				AA0000010000000000000800 /* BabyCareUI */,
			);
		};
/* End PBXProject section */

/* Begin PBXResourcesBuildPhase section */
		AA0000010000000000001100 /* Resources */ = {
			isa = PBXResourcesBuildPhase;
			buildActionMask = 2147483647;
			files = (
				AA0000010000000000000007 /* Assets.xcassets in Resources */,
			);
			runOnlyForDeploymentPostprocessing = 0;
		};
/* End PBXResourcesBuildPhase section */

/* Begin PBXSourcesBuildPhase section */
		AA0000010000000000001000 /* Sources */ = {
			isa = PBXSourcesBuildPhase;
			buildActionMask = 2147483647;
			files = (
				AA0000010000000000000002 /* ContentView.swift in Sources */,
				AA0000010000000000000001 /* BabyCareUIApp.swift in Sources */,
				AA0000010000000000000003 /* Theme.swift in Sources */,
				AA0000010000000000000004 /* HomeLiveStatusView.swift in Sources */,
				AA0000010000000000000005 /* ActivityHistoryView.swift in Sources */,
				AA0000010000000000000006 /* AIInsightsView.swift in Sources */,
				AA0000010000000000000008 /* CryMonitorView.swift in Sources */,
				AA0000010000000000000009 /* GeminiLiveClient.swift in Sources */,
				AA0000010000000000000010 /* AudioPCMConverter.swift in Sources */,
				0D3DF551EEE2BB5E23D63D2D /* APIClient.swift in Sources */,
				26CD6D64CA6C3D29BBB43850 /* APITypes.swift in Sources */,
				F70CFDF712DE0DB9A1F0A898 /* AppConfig.swift in Sources */,
				AC349073C533A7EB9BDCB2D9 /* DateHelpers.swift in Sources */,
				293EDD622AFADC3AD68DEDDC /* MockData.swift in Sources */,
			);
			runOnlyForDeploymentPostprocessing = 0;
		};
/* End PBXSourcesBuildPhase section */

/* Begin XCBuildConfiguration section */
		AA0000010000000000001400 /* Debug */ = {
			isa = XCBuildConfiguration;
			buildSettings = {
				ALWAYS_SEARCH_USER_PATHS = NO;
				ASSETCATALOG_COMPILER_GENERATE_SWIFT_ASSET_SYMBOL_EXTENSIONS = YES;
				CLANG_ANALYZER_NONNULL = YES;
				CLANG_ANALYZER_NUMBER_OBJECT_CONVERSION = YES_AGGRESSIVE;
				CLANG_CXX_LANGUAGE_STANDARD = "gnu++20";
				CLANG_ENABLE_MODULES = YES;
				CLANG_ENABLE_OBJC_ARC = YES;
				CLANG_ENABLE_OBJC_WEAK = YES;
				CLANG_WARN_BLOCK_CAPTURE_AUTORELEASING = YES;
				CLANG_WARN_BOOL_CONVERSION = YES;
				CLANG_WARN_COMMA = YES;
				CLANG_WARN_CONSTANT_CONVERSION = YES;
				CLANG_WARN_DEPRECATED_OBJC_IMPLEMENTATIONS = YES;
				CLANG_WARN_DIRECT_OBJC_ISA_USAGE = YES_ERROR;
				CLANG_WARN_DOCUMENTATION_COMMENTS = YES;
				CLANG_WARN_EMPTY_BODY = YES;
				CLANG_WARN_ENUM_CONVERSION = YES;
				CLANG_WARN_INFINITE_RECURSION = YES;
				CLANG_WARN_INT_CONVERSION = YES;
				CLANG_WARN_NON_LITERAL_NULL_CONVERSION = YES;
				CLANG_WARN_OBJC_IMPLICIT_RETAIN_SELF = YES;
				CLANG_WARN_OBJC_LITERAL_CONVERSION = YES;
				CLANG_WARN_OBJC_ROOT_CLASS = YES_ERROR;
				CLANG_WARN_QUOTED_INCLUDE_IN_FRAMEWORK_HEADER = YES;
				CLANG_WARN_RANGE_LOOP_ANALYSIS = YES;
				CLANG_WARN_STRICT_PROTOTYPES = YES;
				CLANG_WARN_SUSPICIOUS_MOVE = YES;
				CLANG_WARN_UNGUARDED_AVAILABILITY = YES_AGGRESSIVE;
				CLANG_WARN_UNREACHABLE_CODE = YES;
				CLANG_WARN__DUPLICATE_METHOD_MATCH = YES;
				COPY_PHASE_STRIP = NO;
				DEBUG_INFORMATION_FORMAT = dwarf;
				ENABLE_STRICT_OBJC_MSGSEND = YES;
				ENABLE_TESTABILITY = YES;
				ENABLE_USER_SCRIPT_SANDBOXING = YES;
				GCC_C_LANGUAGE_STANDARD = gnu17;
				GCC_DYNAMIC_NO_PIC = NO;
				GCC_NO_COMMON_BLOCKS = YES;
				GCC_OPTIMIZATION_LEVEL = 0;
				GCC_PREPROCESSOR_DEFINITIONS = (
					"DEBUG=1",
					"$(inherited)",
				);
				GCC_WARN_64_TO_32_BIT_CONVERSION = YES;
				GCC_WARN_ABOUT_RETURN_TYPE = YES_ERROR;
				GCC_WARN_UNDECLARED_SELECTOR = YES;
				GCC_WARN_UNINITIALIZED_AUTOS = YES_AGGRESSIVE;
				GCC_WARN_UNUSED_FUNCTION = YES;
				GCC_WARN_UNUSED_VARIABLE = YES;
				IPHONEOS_DEPLOYMENT_TARGET = 15.0;
				LOCALIZATION_PREFERS_STRING_CATALOGS = YES;
				MTL_ENABLE_DEBUG_INFO = INCLUDE_SOURCE;
				MTL_FAST_MATH = YES;
				ONLY_ACTIVE_ARCH = NO;
				SDKROOT = iphoneos;
				SWIFT_ACTIVE_COMPILATION_CONDITIONS = "DEBUG $(inherited)";
				SWIFT_OPTIMIZATION_LEVEL = "-Onone";
			};
			name = Debug;
		};
		AA0000010000000000001500 /* Release */ = {
			isa = XCBuildConfiguration;
			buildSettings = {
				ALWAYS_SEARCH_USER_PATHS = NO;
				ASSETCATALOG_COMPILER_GENERATE_SWIFT_ASSET_SYMBOL_EXTENSIONS = YES;
				CLANG_ANALYZER_NONNULL = YES;
				CLANG_ANALYZER_NUMBER_OBJECT_CONVERSION = YES_AGGRESSIVE;
				CLANG_CXX_LANGUAGE_STANDARD = "gnu++20";
				CLANG_ENABLE_MODULES = YES;
				CLANG_ENABLE_OBJC_ARC = YES;
				CLANG_ENABLE_OBJC_WEAK = YES;
				CLANG_WARN_BLOCK_CAPTURE_AUTORELEASING = YES;
				CLANG_WARN_BOOL_CONVERSION = YES;
				CLANG_WARN_COMMA = YES;
				CLANG_WARN_CONSTANT_CONVERSION = YES;
				CLANG_WARN_DEPRECATED_OBJC_IMPLEMENTATIONS = YES;
				CLANG_WARN_DIRECT_OBJC_ISA_USAGE = YES_ERROR;
				CLANG_WARN_DOCUMENTATION_COMMENTS = YES;
				CLANG_WARN_EMPTY_BODY = YES;
				CLANG_WARN_ENUM_CONVERSION = YES;
				CLANG_WARN_INFINITE_RECURSION = YES;
				CLANG_WARN_INT_CONVERSION = YES;
				CLANG_WARN_NON_LITERAL_NULL_CONVERSION = YES;
				CLANG_WARN_OBJC_IMPLICIT_RETAIN_SELF = YES;
				CLANG_WARN_OBJC_LITERAL_CONVERSION = YES;
				CLANG_WARN_OBJC_ROOT_CLASS = YES_ERROR;
				CLANG_WARN_QUOTED_INCLUDE_IN_FRAMEWORK_HEADER = YES;
				CLANG_WARN_RANGE_LOOP_ANALYSIS = YES;
				CLANG_WARN_STRICT_PROTOTYPES = YES;
				CLANG_WARN_SUSPICIOUS_MOVE = YES;
				CLANG_WARN_UNGUARDED_AVAILABILITY = YES_AGGRESSIVE;
				CLANG_WARN_UNREACHABLE_CODE = YES;
				CLANG_WARN__DUPLICATE_METHOD_MATCH = YES;
				COPY_PHASE_STRIP = NO;
				DEBUG_INFORMATION_FORMAT = "dwarf-with-dsym";
				ENABLE_NS_ASSERTIONS = NO;
				ENABLE_STRICT_OBJC_MSGSEND = YES;
				ENABLE_USER_SCRIPT_SANDBOXING = YES;
				GCC_C_LANGUAGE_STANDARD = gnu17;
				GCC_NO_COMMON_BLOCKS = YES;
				GCC_WARN_64_TO_32_BIT_CONVERSION = YES;
				GCC_WARN_ABOUT_RETURN_TYPE = YES_ERROR;
				GCC_WARN_UNDECLARED_SELECTOR = YES;
				GCC_WARN_UNINITIALIZED_AUTOS = YES_AGGRESSIVE;
				GCC_WARN_UNUSED_FUNCTION = YES;
				GCC_WARN_UNUSED_VARIABLE = YES;
				IPHONEOS_DEPLOYMENT_TARGET = 15.0;
				LOCALIZATION_PREFERS_STRING_CATALOGS = YES;
				MTL_ENABLE_DEBUG_INFO = NO;
				MTL_FAST_MATH = YES;
				SDKROOT = iphoneos;
				SWIFT_COMPILATION_MODE = wholemodule;
				VALIDATE_PRODUCT = YES;
			};
			name = Release;
		};
		AA0000010000000000001600 /* Debug */ = {
			isa = XCBuildConfiguration;
			buildSettings = {
				ASSETCATALOG_COMPILER_APPICON_NAME = AppIcon;
				ASSETCATALOG_COMPILER_GLOBAL_ACCENT_COLOR_NAME = AccentColor;
				CODE_SIGN_STYLE = Automatic;
				CURRENT_PROJECT_VERSION = 1;
				DEVELOPMENT_TEAM = "";
				GENERATE_INFOPLIST_FILE = NO;
				INFOPLIST_FILE = BabyCareUI/Info.plist;
				INFOPLIST_KEY_UIApplicationSupportsIndirectInputEvents = YES;
				INFOPLIST_KEY_UISupportedInterfaceOrientations = UIInterfaceOrientationPortrait;
				INFOPLIST_KEY_UISupportedInterfaceOrientations_iPad = "UIInterfaceOrientationPortrait UIInterfaceOrientationPortraitUpsideDown UIInterfaceOrientationLandscapeLeft UIInterfaceOrientationLandscapeRight";
				LD_RUNPATH_SEARCH_PATHS = (
					"$(inherited)",
					"@executable_path/Frameworks",
				);
				MARKETING_VERSION = 1.0;
				PRODUCT_BUNDLE_IDENTIFIER = com.babycare.BabyCareUI;
				PRODUCT_NAME = "$(TARGET_NAME)";
				SWIFT_EMIT_LOC_STRINGS = YES;
				SWIFT_VERSION = 5.0;
				TARGETED_DEVICE_FAMILY = "1,2";
			};
			name = Debug;
		};
		AA0000010000000000001700 /* Release */ = {
			isa = XCBuildConfiguration;
			buildSettings = {
				ASSETCATALOG_COMPILER_APPICON_NAME = AppIcon;
				ASSETCATALOG_COMPILER_GLOBAL_ACCENT_COLOR_NAME = AccentColor;
				CODE_SIGN_STYLE = Automatic;
				CURRENT_PROJECT_VERSION = 1;
				DEVELOPMENT_TEAM = "";
				GENERATE_INFOPLIST_FILE = NO;
				INFOPLIST_FILE = BabyCareUI/Info.plist;
				INFOPLIST_KEY_UIApplicationSupportsIndirectInputEvents = YES;
				INFOPLIST_KEY_UISupportedInterfaceOrientations = UIInterfaceOrientationPortrait;
				INFOPLIST_KEY_UISupportedInterfaceOrientations_iPad = "UIInterfaceOrientationPortrait UIInterfaceOrientationPortraitUpsideDown UIInterfaceOrientationLandscapeLeft UIInterfaceOrientationLandscapeRight";
				LD_RUNPATH_SEARCH_PATHS = (
					"$(inherited)",
					"@executable_path/Frameworks",
				);
				MARKETING_VERSION = 1.0;
				PRODUCT_BUNDLE_IDENTIFIER = com.babycare.BabyCareUI;
				PRODUCT_NAME = "$(TARGET_NAME)";
				SWIFT_EMIT_LOC_STRINGS = YES;
				SWIFT_VERSION = 5.0;
				TARGETED_DEVICE_FAMILY = "1,2";
			};
			name = Release;
		};
/* End XCBuildConfiguration section */

/* Begin XCConfigurationList section */
		AA0000010000000000000900 /* Build configuration list for PBXNativeTarget "BabyCareUI" */ = {
			isa = XCConfigurationList;
			buildConfigurations = (
				AA0000010000000000001600 /* Debug */,
				AA0000010000000000001700 /* Release */,
			);
			defaultConfigurationIsVisible = 0;
			defaultConfigurationName = Release;
		};
		AA0000010000000000001300 /* Build configuration list for PBXProject "BabyCareUI" */ = {
			isa = XCConfigurationList;
			buildConfigurations = (
				AA0000010000000000001400 /* Debug */,
				AA0000010000000000001500 /* Release */,
			);
			defaultConfigurationIsVisible = 0;
			defaultConfigurationName = Release;
		};
/* End XCConfigurationList section */
	};
	rootObject = AA0000010000000000001200 /* Project object */;
}
